
Microsoft Visual Studio Solution File, Format Version 12.00
# Visual Studio Version 17
VisualStudioVersion = 17.13.35825.156
MinimumVisualStudioVersion = 10.0.40219.1
Project("{FAE04EC0-301F-11D3-BF4B-00C04F79EFBC}") = "MinesweeperClassLibrary", "MinesweeperClassLibrary\MinesweeperClassLibrary.csproj", "{AA0BF94A-26B6-4180-AB35-20C64EA07F15}"
EndProject
Project("{FAE04EC0-301F-11D3-BF4B-00C04F79EFBC}") = "MinesweeperConsoleApp", "MinesweeperConsoleApp\MinesweeperConsoleApp.csproj", "{C2D5A73A-9137-4710-A7E4-E4815F83111B}"
EndProject
Project("{FAE04EC0-301F-11D3-BF4B-00C04F79EFBC}") = "MinesweeperTests", "MinesweeperTests\MinesweeperTests.csproj", "{6654F200-3A90-4ADE-B24E-6EBC5ABC088C}"
EndProject
Project("{FAE04EC0-301F-11D3-BF4B-00C04F79EFBC}") = "MinesweeperGUI", "MinesweeperGUI\MinesweeperGUI.csproj", "{332F180F-5D10-45D3-8A05-0CC10EFAF8AE}"
EndProject
Global
	GlobalSection(SolutionConfigurationPlatforms) = preSolution
		Debug|Any CPU = Debug|Any CPU
		Release|Any CPU = Release|Any CPU
	EndGlobalSection
	GlobalSection(ProjectConfigurationPlatforms) = postSolution
		{AA0BF94A-26B6-4180-AB35-20C64EA07F15}.Debug|Any CPU.ActiveCfg = Debug|Any CPU
		{AA0BF94A-26B6-4180-AB35-20C64EA07F15}.Debug|Any CPU.Build.0 = Debug|Any CPU
		{AA0BF94A-26B6-4180-AB35-20C64EA07F15}.Release|Any CPU.ActiveCfg = Release|Any CPU
		{AA0BF94A-26B6-4180-AB35-20C64EA07F15}.Release|Any CPU.Build.0 = Release|Any CPU
		{C2D5A73A-9137-4710-A7E4-E4815F83111B}.Debug|Any CPU.ActiveCfg = Debug|Any CPU
		{C2D5A73A-9137-4710-A7E4-E4815F83111B}.Debug|Any CPU.Build.0 = Debug|Any CPU
		{C2D5A73A-9137-4710-A7E4-E4815F83111B}.Release|Any CPU.ActiveCfg = Release|Any CPU
		{C2D5A73A-9137-4710-A7E4-E4815F83111B}.Release|Any CPU.Build.0 = Release|Any CPU
		{6654F200-3A90-4ADE-B24E-6EBC5ABC088C}.Debug|Any CPU.ActiveCfg = Debug|Any CPU
		{6654F200-3A90-4ADE-B24E-6EBC5ABC088C}.Debug|Any CPU.Build.0 = Debug|Any CPU
		{6654F200-3A90-4ADE-B24E-6EBC5ABC088C}.Release|Any CPU.ActiveCfg = Release|Any CPU
		{6654F200-3A90-4ADE-B24E-6EBC5ABC088C}.Release|Any CPU.Build.0 = Release|Any CPU
		{332F180F-5D10-45D3-8A05-0CC10EFAF8AE}.Debug|Any CPU.ActiveCfg = Debug|Any CPU
		{332F180F-5D10-45D3-8A05-0CC10EFAF8AE}.Debug|Any CPU.Build.0 = Debug|Any CPU
		{332F180F-5D10-45D3-8A05-0CC10EFAF8AE}.Release|Any CPU.ActiveCfg = Release|Any CPU
		{332F180F-5D10-45D3-8A05-0CC10EFAF8AE}.Release|Any CPU.Build.0 = Release|Any CPU
	EndGlobalSection
	GlobalSection(SolutionProperties) = preSolution
		HideSolutionNode = FALSE
	EndGlobalSection
	GlobalSection(ExtensibilityGlobals) = postSolution
		SolutionGuid = {5DA2055C-60EE-4FA3-9315-5700C5E56D6C}
	EndGlobalSection
EndGlobal
